
Microsoft Visual Studio Solution File, Format Version 12.00
# Visual Studio Version 16
VisualStudioVersion = 16.0.32602.291
MinimumVisualStudioVersion = 10.0.40219.1
Project("{FAE04EC0-301F-11D3-BF4B-00C04F79EFBC}") = "Ejercicio2Dbrisarivas", "Ejercicio2Dbrisarivas\Ejercicio2Dbrisarivas.csproj", "{D4272853-570F-407C-92A2-D37800E5B8D6}"
EndProject
Global
	GlobalSection(SolutionConfigurationPlatforms) = preSolution
		Debug|Any CPU = Debug|Any CPU
		Release|Any CPU = Release|Any CPU
	EndGlobalSection
	GlobalSection(ProjectConfigurationPlatforms) = postSolution
		{D4272853-570F-407C-92A2-D37800E5B8D6}.Debug|Any CPU.ActiveCfg = Debug|Any CPU
		{D4272853-570F-407C-92A2-D37800E5B8D6}.Debug|Any CPU.Build.0 = Debug|Any CPU
		{D4272853-570F-407C-92A2-D37800E5B8D6}.Release|Any CPU.ActiveCfg = Release|Any CPU
		{D4272853-570F-407C-92A2-D37800E5B8D6}.Release|Any CPU.Build.0 = Release|Any CPU
	EndGlobalSection
	GlobalSection(SolutionProperties) = preSolution
		HideSolutionNode = FALSE
	EndGlobalSection
	GlobalSection(ExtensibilityGlobals) = postSolution
		SolutionGuid = {1D711276-092C-4CF5-9162-1B65D4F451DF}
	EndGlobalSection
EndGlobal
